dependencies:
- name: postgresql
  repository: https://charts.bitnami.com/bitnami
  version: 15.5.38
- name: redis
  repository: https://charts.bitnami.com/bitnami
  version: 19.6.4
- name: web
  repository: file://charts/web
  version: 0.1.0
- name: api
  repository: file://charts/api
  version: 0.1.0
- name: worker
  repository: file://charts/worker
  version: 0.1.0
- name: keycloak
  repository: file://charts/keycloak
  version: 0.1.0
digest: sha256:a572bbc3b27175ebadc22793f0a39b552ebde9ac2c7531387ebfbe7927f4c3fa
generated: "2026-05-20T16:11:20.550595353+05:30"
